
Microsoft Visual Studio Solution File, Format Version 12.00
Project("{FAE04EC0-301F-11D3-BF4B-00C04F79EFBC}") = "WebAPI", "WebAPI\WebAPI.csproj", "{8CF0D1CA-32B2-42D2-9C81-141ACB79A3E3}"
EndProject
Project("{FAE04EC0-301F-11D3-BF4B-00C04F79EFBC}") = "DAL", "DAL\DAL.csproj", "{9C7964A0-6E85-4933-9ED7-537068957052}"
EndProject
Project("{FAE04EC0-301F-11D3-BF4B-00C04F79EFBC}") = "BLL", "BLL\BLL.csproj", "{930C3F21-2512-47C2-A8AB-60446D8D54D9}"
EndProject
Project("{FAE04EC0-301F-11D3-BF4B-00C04F79EFBC}") = "CSV", "CSV\CSV.csproj", "{F1AC457C-5F25-4AC2-8E16-1B86FF3F9BF0}"
EndProject
Project("{FAE04EC0-301F-11D3-BF4B-00C04F79EFBC}") = "Common", "Common\Common.csproj", "{2801D700-62F7-4D3B-A906-D244D7884CAF}"
EndProject
Global
	GlobalSection(SolutionConfigurationPlatforms) = preSolution
		Debug|Any CPU = Debug|Any CPU
		Release|Any CPU = Release|Any CPU
	EndGlobalSection
	GlobalSection(ProjectConfigurationPlatforms) = postSolution
		{8CF0D1CA-32B2-42D2-9C81-141ACB79A3E3}.Debug|Any CPU.ActiveCfg = Debug|Any CPU
		{8CF0D1CA-32B2-42D2-9C81-141ACB79A3E3}.Debug|Any CPU.Build.0 = Debug|Any CPU
		{8CF0D1CA-32B2-42D2-9C81-141ACB79A3E3}.Release|Any CPU.ActiveCfg = Release|Any CPU
		{8CF0D1CA-32B2-42D2-9C81-141ACB79A3E3}.Release|Any CPU.Build.0 = Release|Any CPU
		{9C7964A0-6E85-4933-9ED7-537068957052}.Debug|Any CPU.ActiveCfg = Debug|Any CPU
		{9C7964A0-6E85-4933-9ED7-537068957052}.Debug|Any CPU.Build.0 = Debug|Any CPU
		{9C7964A0-6E85-4933-9ED7-537068957052}.Release|Any CPU.ActiveCfg = Release|Any CPU
		{9C7964A0-6E85-4933-9ED7-537068957052}.Release|Any CPU.Build.0 = Release|Any CPU
		{930C3F21-2512-47C2-A8AB-60446D8D54D9}.Debug|Any CPU.ActiveCfg = Debug|Any CPU
		{930C3F21-2512-47C2-A8AB-60446D8D54D9}.Debug|Any CPU.Build.0 = Debug|Any CPU
		{930C3F21-2512-47C2-A8AB-60446D8D54D9}.Release|Any CPU.ActiveCfg = Release|Any CPU
		{930C3F21-2512-47C2-A8AB-60446D8D54D9}.Release|Any CPU.Build.0 = Release|Any CPU
		{F1AC457C-5F25-4AC2-8E16-1B86FF3F9BF0}.Debug|Any CPU.ActiveCfg = Debug|Any CPU
		{F1AC457C-5F25-4AC2-8E16-1B86FF3F9BF0}.Debug|Any CPU.Build.0 = Debug|Any CPU
		{F1AC457C-5F25-4AC2-8E16-1B86FF3F9BF0}.Release|Any CPU.ActiveCfg = Release|Any CPU
		{F1AC457C-5F25-4AC2-8E16-1B86FF3F9BF0}.Release|Any CPU.Build.0 = Release|Any CPU
		{2801D700-62F7-4D3B-A906-D244D7884CAF}.Debug|Any CPU.ActiveCfg = Debug|Any CPU
		{2801D700-62F7-4D3B-A906-D244D7884CAF}.Debug|Any CPU.Build.0 = Debug|Any CPU
		{2801D700-62F7-4D3B-A906-D244D7884CAF}.Release|Any CPU.ActiveCfg = Release|Any CPU
		{2801D700-62F7-4D3B-A906-D244D7884CAF}.Release|Any CPU.Build.0 = Release|Any CPU
	EndGlobalSection
EndGlobal
